code.witches.io/go/sdl2 v0.1.0 h1:Z6d35j7cT1azVzNcDiwnqKHOid9Fe9WyrKsaXM5UKtU=
code.witches.io/go/sdl2 v0.1.0/go.mod h1:gHgD8PGrDE94T7vvHD7kRgXrZDXHShPN5uFfATxYpzk=
code.witches.io/go/vulkan v0.1.0 h1:RfIPNyHTZOPc3wz4Z8PBojNUFmwy9oV7zKqrDSNU3t0=
code.witches.io/go/vulkan v0.1.0/go.mod h1:QPY/dPw12IjX3Blvoy/mrbKzKfHY2fxFjkMUe7T0XtY=
github.com/veandco/go-sdl2 v0.4.0 h1:l9q6K+Dvpd/VlZdw2ufApKnWhAQqx9UL8Zrvbjtm3Lw=
github.com/veandco/go-sdl2 v0.4.0/go.mod h1:FB+kTpX9YTE+urhYiClnRzpOXbiWgaU3+5F2AB78DPg=
